Microsoft Visual Studio Solution File, Format Version 12.00
# Visual Studio Version 18
VisualStudioVersion = 18.2.11415.280
MinimumVisualStudioVersion = 10.0.40219.1
Project("{FAE04EC0-301F-11D3-BF4B-00C04F79EFBC}") = "SimpleLanguageFront", "source\Front\SimpleLanguageFront.csproj", "{911B1A40-C5D9-C2BC-6B84-8008A2DD7276}"
EndProject
Project("{FAE04EC0-301F-11D3-BF4B-00C04F79EFBC}") = "SimpleLanuageVM", "source\VM\SimpleLanuageVM.csproj", "{812309B6-38DF-5D8F-95DD-5345FAC2D7CB}"
EndProject
Project("{FAE04EC0-301F-11D3-BF4B-00C04F79EFBC}") = "SimpleLanguageTest", "source\Test\SimpleLanguageTest.csproj", "{4413C6BA-F1E7-EB5F-E231-B1CBF4ED716D}"
EndProject
Project("{FAE04EC0-301F-11D3-BF4B-00C04F79EFBC}") = "SimpleLanguageCompileCore", "source\CompileCore\SimpleLanguageCompileCore.csproj", "{A7B3D1E2-4F5A-6B7C-8D9E-0F1A2B3C4D5E}"
EndProject
Project("{FAE04EC0-301F-11D3-BF4B-00C04F79EFBC}") = "SimpleLanguageCompileStd", "source\CompileStd\SimpleLanguageCompileStd.csproj", "{B8C4E2F3-5A6B-7C8D-9E0F-1A2B3C4D5E6F}"
EndProject
Project("{FAE04EC0-301F-11D3-BF4B-00C04F79EFBC}") = "SimpleLanguageCompileMath", "source\CompileMath\SimpleLanguageCompileMath.csproj", "{DB4A930B-9FD0-D99C-417C-A3F7085BD96E}"
EndProject
Project("{FAE04EC0-301F-11D3-BF4B-00C04F79EFBC}") = "StdNativeImpl", "source\StdNativeImpl\StdNativeImpl.csproj", "{9654C176-E66C-FD8A-E2FE-68672CF41F05}"
EndProject
Project("{FAE04EC0-301F-11D3-BF4B-00C04F79EFBC}") = "MathNativeImpl", "source\MathNativeImpl\MathNativeImpl.csproj", "{CE4CA0A0-F76E-6474-F8CA-9E1D9F501714}"
EndProject
Project("{FAE04EC0-301F-11D3-BF4B-00C04F79EFBC}") = "SimpleLanguageTest2", "source\Test2\SimpleLanguageTest2.csproj", "{DB8D562B-DBF5-7268-98E2-C73B0A1D1AC4}"
EndProject
Project("{FAE04EC0-301F-11D3-BF4B-00C04F79EFBC}") = "CSimpleVMTest2", "source\CSimpleVMTest2\CSimpleVMTest2.csproj", "{A1B2C3D4-E5F6-7890-ABCD-1234567890AB}"
EndProject
Project("{FAE04EC0-301F-11D3-BF4B-00C04F79EFBC}") = "CSimpleVMTest", "source\CSimpleVMTest1\CSimpleVMTest.csproj", "{6F73DA9B-3C54-2053-E8E5-130C40287400}"
EndProject
Project("{2150E333-8FDC-42A3-9474-1A3956D46DE8}") = "cvm", "cvm", "{55CA2A87-5ABC-4B11-B2DA-5D327AB2D1E9}"
EndProject
Project("{2150E333-8FDC-42A3-9474-1A3956D46DE8}") = "csharpvm", "csharpvm", "{61D8DCF7-CFCC-45C5-B38B-451637A6F44D}"
EndProject
Project("{2150E333-8FDC-42A3-9474-1A3956D46DE8}") = "front", "front", "{2ED039D7-3432-453B-B464-496FDC0484AA}"
EndProject
Global
	GlobalSection(SolutionConfigurationPlatforms) = preSolution
		Debug|Any CPU = Debug|Any CPU
		Debug|x64 = Debug|x64
		Debug|x86 = Debug|x86
		Release|Any CPU = Release|Any CPU
		Release|x64 = Release|x64
		Release|x86 = Release|x86
	EndGlobalSection
	GlobalSection(ProjectConfigurationPlatforms) = postSolution
		{911B1A40-C5D9-C2BC-6B84-8008A2DD7276}.Debug|Any CPU.ActiveCfg = Debug|Any CPU
		{911B1A40-C5D9-C2BC-6B84-8008A2DD7276}.Debug|Any CPU.Build.0 = Debug|Any CPU
		{911B1A40-C5D9-C2BC-6B84-8008A2DD7276}.Debug|x64.ActiveCfg = Debug|Any CPU
		{911B1A40-C5D9-C2BC-6B84-8008A2DD7276}.Debug|x64.Build.0 = Debug|Any CPU
		{911B1A40-C5D9-C2BC-6B84-8008A2DD7276}.Debug|x86.ActiveCfg = Debug|Any CPU
		{911B1A40-C5D9-C2BC-6B84-8008A2DD7276}.Debug|x86.Build.0 = Debug|Any CPU
		{911B1A40-C5D9-C2BC-6B84-8008A2DD7276}.Release|Any CPU.ActiveCfg = Release|Any CPU
		{911B1A40-C5D9-C2BC-6B84-8008A2DD7276}.Release|Any CPU.Build.0 = Release|Any CPU
		{911B1A40-C5D9-C2BC-6B84-8008A2DD7276}.Release|x64.ActiveCfg = Release|Any CPU
		{911B1A40-C5D9-C2BC-6B84-8008A2DD7276}.Release|x64.Build.0 = Release|Any CPU
		{911B1A40-C5D9-C2BC-6B84-8008A2DD7276}.Release|x86.ActiveCfg = Release|Any CPU
		{911B1A40-C5D9-C2BC-6B84-8008A2DD7276}.Release|x86.Build.0 = Release|Any CPU
		{812309B6-38DF-5D8F-95DD-5345FAC2D7CB}.Debug|Any CPU.ActiveCfg = Debug|Any CPU
		{812309B6-38DF-5D8F-95DD-5345FAC2D7CB}.Debug|Any CPU.Build.0 = Debug|Any CPU
		{812309B6-38DF-5D8F-95DD-5345FAC2D7CB}.Debug|x64.ActiveCfg = Debug|Any CPU
		{812309B6-38DF-5D8F-95DD-5345FAC2D7CB}.Debug|x64.Build.0 = Debug|Any CPU
		{812309B6-38DF-5D8F-95DD-5345FAC2D7CB}.Debug|x86.ActiveCfg = Debug|Any CPU
		{812309B6-38DF-5D8F-95DD-5345FAC2D7CB}.Debug|x86.Build.0 = Debug|Any CPU
		{812309B6-38DF-5D8F-95DD-5345FAC2D7CB}.Release|Any CPU.ActiveCfg = Release|Any CPU
		{812309B6-38DF-5D8F-95DD-5345FAC2D7CB}.Release|Any CPU.Build.0 = Release|Any CPU
		{812309B6-38DF-5D8F-95DD-5345FAC2D7CB}.Release|x64.ActiveCfg = Release|Any CPU
		{812309B6-38DF-5D8F-95DD-5345FAC2D7CB}.Release|x64.Build.0 = Release|Any CPU
		{812309B6-38DF-5D8F-95DD-5345FAC2D7CB}.Release|x86.ActiveCfg = Release|Any CPU
		{812309B6-38DF-5D8F-95DD-5345FAC2D7CB}.Release|x86.Build.0 = Release|Any CPU
		{4413C6BA-F1E7-EB5F-E231-B1CBF4ED716D}.Debug|Any CPU.ActiveCfg = Debug|Any CPU
		{4413C6BA-F1E7-EB5F-E231-B1CBF4ED716D}.Debug|Any CPU.Build.0 = Debug|Any CPU
		{4413C6BA-F1E7-EB5F-E231-B1CBF4ED716D}.Debug|x64.ActiveCfg = Debug|Any CPU
		{4413C6BA-F1E7-EB5F-E231-B1CBF4ED716D}.Debug|x64.Build.0 = Debug|Any CPU
		{4413C6BA-F1E7-EB5F-E231-B1CBF4ED716D}.Debug|x86.ActiveCfg = Debug|Any CPU
		{4413C6BA-F1E7-EB5F-E231-B1CBF4ED716D}.Debug|x86.Build.0 = Debug|Any CPU
		{4413C6BA-F1E7-EB5F-E231-B1CBF4ED716D}.Release|Any CPU.ActiveCfg = Release|Any CPU
		{4413C6BA-F1E7-EB5F-E231-B1CBF4ED716D}.Release|Any CPU.Build.0 = Release|Any CPU
		{4413C6BA-F1E7-EB5F-E231-B1CBF4ED716D}.Release|x64.ActiveCfg = Release|Any CPU
		{4413C6BA-F1E7-EB5F-E231-B1CBF4ED716D}.Release|x64.Build.0 = Release|Any CPU
		{4413C6BA-F1E7-EB5F-E231-B1CBF4ED716D}.Release|x86.ActiveCfg = Release|Any CPU
		{4413C6BA-F1E7-EB5F-E231-B1CBF4ED716D}.Release|x86.Build.0 = Release|Any CPU
		{A7B3D1E2-4F5A-6B7C-8D9E-0F1A2B3C4D5E}.Debug|Any CPU.ActiveCfg = Debug|Any CPU
		{A7B3D1E2-4F5A-6B7C-8D9E-0F1A2B3C4D5E}.Debug|Any CPU.Build.0 = Debug|Any CPU
		{A7B3D1E2-4F5A-6B7C-8D9E-0F1A2B3C4D5E}.Debug|x64.ActiveCfg = Debug|Any CPU
		{A7B3D1E2-4F5A-6B7C-8D9E-0F1A2B3C4D5E}.Debug|x64.Build.0 = Debug|Any CPU
		{A7B3D1E2-4F5A-6B7C-8D9E-0F1A2B3C4D5E}.Debug|x86.ActiveCfg = Debug|Any CPU
		{A7B3D1E2-4F5A-6B7C-8D9E-0F1A2B3C4D5E}.Debug|x86.Build.0 = Debug|Any CPU
		{A7B3D1E2-4F5A-6B7C-8D9E-0F1A2B3C4D5E}.Release|Any CPU.ActiveCfg = Release|Any CPU
		{A7B3D1E2-4F5A-6B7C-8D9E-0F1A2B3C4D5E}.Release|Any CPU.Build.0 = Release|Any CPU
		{A7B3D1E2-4F5A-6B7C-8D9E-0F1A2B3C4D5E}.Release|x64.ActiveCfg = Release|Any CPU
		{A7B3D1E2-4F5A-6B7C-8D9E-0F1A2B3C4D5E}.Release|x64.Build.0 = Release|Any CPU
		{A7B3D1E2-4F5A-6B7C-8D9E-0F1A2B3C4D5E}.Release|x86.ActiveCfg = Release|Any CPU
		{A7B3D1E2-4F5A-6B7C-8D9E-0F1A2B3C4D5E}.Release|x86.Build.0 = Release|Any CPU
		{B8C4E2F3-5A6B-7C8D-9E0F-1A2B3C4D5E6F}.Debug|Any CPU.ActiveCfg = Debug|Any CPU
		{B8C4E2F3-5A6B-7C8D-9E0F-1A2B3C4D5E6F}.Debug|Any CPU.Build.0 = Debug|Any CPU
		{B8C4E2F3-5A6B-7C8D-9E0F-1A2B3C4D5E6F}.Debug|x64.ActiveCfg = Debug|Any CPU
		{B8C4E2F3-5A6B-7C8D-9E0F-1A2B3C4D5E6F}.Debug|x64.Build.0 = Debug|Any CPU
		{B8C4E2F3-5A6B-7C8D-9E0F-1A2B3C4D5E6F}.Debug|x86.ActiveCfg = Debug|Any CPU
		{B8C4E2F3-5A6B-7C8D-9E0F-1A2B3C4D5E6F}.Debug|x86.Build.0 = Debug|Any CPU
		{B8C4E2F3-5A6B-7C8D-9E0F-1A2B3C4D5E6F}.Release|Any CPU.ActiveCfg = Release|Any CPU
		{B8C4E2F3-5A6B-7C8D-9E0F-1A2B3C4D5E6F}.Release|Any CPU.Build.0 = Release|Any CPU
		{B8C4E2F3-5A6B-7C8D-9E0F-1A2B3C4D5E6F}.Release|x64.ActiveCfg = Release|Any CPU
		{B8C4E2F3-5A6B-7C8D-9E0F-1A2B3C4D5E6F}.Release|x64.Build.0 = Release|Any CPU
		{B8C4E2F3-5A6B-7C8D-9E0F-1A2B3C4D5E6F}.Release|x86.ActiveCfg = Release|Any CPU
		{B8C4E2F3-5A6B-7C8D-9E0F-1A2B3C4D5E6F}.Release|x86.Build.0 = Release|Any CPU
		{DB4A930B-9FD0-D99C-417C-A3F7085BD96E}.Debug|Any CPU.ActiveCfg = Debug|Any CPU
		{DB4A930B-9FD0-D99C-417C-A3F7085BD96E}.Debug|Any CPU.Build.0 = Debug|Any CPU
		{DB4A930B-9FD0-D99C-417C-A3F7085BD96E}.Debug|x64.ActiveCfg = Debug|Any CPU
		{DB4A930B-9FD0-D99C-417C-A3F7085BD96E}.Debug|x64.Build.0 = Debug|Any CPU
		{DB4A930B-9FD0-D99C-417C-A3F7085BD96E}.Debug|x86.ActiveCfg = Debug|Any CPU
		{DB4A930B-9FD0-D99C-417C-A3F7085BD96E}.Debug|x86.Build.0 = Debug|Any CPU
		{DB4A930B-9FD0-D99C-417C-A3F7085BD96E}.Release|Any CPU.ActiveCfg = Release|Any CPU
		{DB4A930B-9FD0-D99C-417C-A3F7085BD96E}.Release|Any CPU.Build.0 = Release|Any CPU
		{DB4A930B-9FD0-D99C-417C-A3F7085BD96E}.Release|x64.ActiveCfg = Release|Any CPU
		{DB4A930B-9FD0-D99C-417C-A3F7085BD96E}.Release|x64.Build.0 = Release|Any CPU
		{DB4A930B-9FD0-D99C-417C-A3F7085BD96E}.Release|x86.ActiveCfg = Release|Any CPU
		{DB4A930B-9FD0-D99C-417C-A3F7085BD96E}.Release|x86.Build.0 = Release|Any CPU
		{9654C176-E66C-FD8A-E2FE-68672CF41F05}.Debug|Any CPU.ActiveCfg = Debug|Any CPU
		{9654C176-E66C-FD8A-E2FE-68672CF41F05}.Debug|Any CPU.Build.0 = Debug|Any CPU
		{9654C176-E66C-FD8A-E2FE-68672CF41F05}.Debug|x64.ActiveCfg = Debug|Any CPU
		{9654C176-E66C-FD8A-E2FE-68672CF41F05}.Debug|x64.Build.0 = Debug|Any CPU
		{9654C176-E66C-FD8A-E2FE-68672CF41F05}.Debug|x86.ActiveCfg = Debug|Any CPU
		{9654C176-E66C-FD8A-E2FE-68672CF41F05}.Debug|x86.Build.0 = Debug|Any CPU
		{9654C176-E66C-FD8A-E2FE-68672CF41F05}.Release|Any CPU.ActiveCfg = Release|Any CPU
		{9654C176-E66C-FD8A-E2FE-68672CF41F05}.Release|Any CPU.Build.0 = Release|Any CPU
		{9654C176-E66C-FD8A-E2FE-68672CF41F05}.Release|x64.ActiveCfg = Release|Any CPU
		{9654C176-E66C-FD8A-E2FE-68672CF41F05}.Release|x64.Build.0 = Release|Any CPU
		{9654C176-E66C-FD8A-E2FE-68672CF41F05}.Release|x86.ActiveCfg = Release|Any CPU
		{9654C176-E66C-FD8A-E2FE-68672CF41F05}.Release|x86.Build.0 = Release|Any CPU
		{CE4CA0A0-F76E-6474-F8CA-9E1D9F501714}.Debug|Any CPU.ActiveCfg = Debug|Any CPU
		{CE4CA0A0-F76E-6474-F8CA-9E1D9F501714}.Debug|Any CPU.Build.0 = Debug|Any CPU
		{CE4CA0A0-F76E-6474-F8CA-9E1D9F501714}.Debug|x64.ActiveCfg = Debug|Any CPU
		{CE4CA0A0-F76E-6474-F8CA-9E1D9F501714}.Debug|x64.Build.0 = Debug|Any CPU
		{CE4CA0A0-F76E-6474-F8CA-9E1D9F501714}.Debug|x86.ActiveCfg = Debug|Any CPU
		{CE4CA0A0-F76E-6474-F8CA-9E1D9F501714}.Debug|x86.Build.0 = Debug|Any CPU
		{CE4CA0A0-F76E-6474-F8CA-9E1D9F501714}.Release|Any CPU.ActiveCfg = Release|Any CPU
		{CE4CA0A0-F76E-6474-F8CA-9E1D9F501714}.Release|Any CPU.Build.0 = Release|Any CPU
		{CE4CA0A0-F76E-6474-F8CA-9E1D9F501714}.Release|x64.ActiveCfg = Release|Any CPU
		{CE4CA0A0-F76E-6474-F8CA-9E1D9F501714}.Release|x64.Build.0 = Release|Any CPU
		{CE4CA0A0-F76E-6474-F8CA-9E1D9F501714}.Release|x86.ActiveCfg = Release|Any CPU
		{CE4CA0A0-F76E-6474-F8CA-9E1D9F501714}.Release|x86.Build.0 = Release|Any CPU
		{DB8D562B-DBF5-7268-98E2-C73B0A1D1AC4}.Debug|Any CPU.ActiveCfg = Debug|Any CPU
		{DB8D562B-DBF5-7268-98E2-C73B0A1D1AC4}.Debug|Any CPU.Build.0 = Debug|Any CPU
		{DB8D562B-DBF5-7268-98E2-C73B0A1D1AC4}.Debug|x64.ActiveCfg = Debug|Any CPU
		{DB8D562B-DBF5-7268-98E2-C73B0A1D1AC4}.Debug|x64.Build.0 = Debug|Any CPU
		{DB8D562B-DBF5-7268-98E2-C73B0A1D1AC4}.Debug|x86.ActiveCfg = Debug|Any CPU
		{DB8D562B-DBF5-7268-98E2-C73B0A1D1AC4}.Debug|x86.Build.0 = Debug|Any CPU
		{DB8D562B-DBF5-7268-98E2-C73B0A1D1AC4}.Release|Any CPU.ActiveCfg = Release|Any CPU
		{DB8D562B-DBF5-7268-98E2-C73B0A1D1AC4}.Release|Any CPU.Build.0 = Release|Any CPU
		{DB8D562B-DBF5-7268-98E2-C73B0A1D1AC4}.Release|x64.ActiveCfg = Release|Any CPU
		{DB8D562B-DBF5-7268-98E2-C73B0A1D1AC4}.Release|x64.Build.0 = Release|Any CPU
		{DB8D562B-DBF5-7268-98E2-C73B0A1D1AC4}.Release|x86.ActiveCfg = Release|Any CPU
		{DB8D562B-DBF5-7268-98E2-C73B0A1D1AC4}.Release|x86.Build.0 = Release|Any CPU
		{A1B2C3D4-E5F6-7890-ABCD-1234567890AB}.Debug|Any CPU.ActiveCfg = Debug|Any CPU
		{A1B2C3D4-E5F6-7890-ABCD-1234567890AB}.Debug|Any CPU.Build.0 = Debug|Any CPU
		{A1B2C3D4-E5F6-7890-ABCD-1234567890AB}.Debug|x64.ActiveCfg = Debug|Any CPU
		{A1B2C3D4-E5F6-7890-ABCD-1234567890AB}.Debug|x64.Build.0 = Debug|Any CPU
		{A1B2C3D4-E5F6-7890-ABCD-1234567890AB}.Debug|x86.ActiveCfg = Debug|Any CPU
		{A1B2C3D4-E5F6-7890-ABCD-1234567890AB}.Debug|x86.Build.0 = Debug|Any CPU
		{A1B2C3D4-E5F6-7890-ABCD-1234567890AB}.Release|Any CPU.ActiveCfg = Release|Any CPU
		{A1B2C3D4-E5F6-7890-ABCD-1234567890AB}.Release|Any CPU.Build.0 = Release|Any CPU
		{A1B2C3D4-E5F6-7890-ABCD-1234567890AB}.Release|x64.ActiveCfg = Release|Any CPU
		{A1B2C3D4-E5F6-7890-ABCD-1234567890AB}.Release|x64.Build.0 = Release|Any CPU
		{A1B2C3D4-E5F6-7890-ABCD-1234567890AB}.Release|x86.ActiveCfg = Release|Any CPU
		{A1B2C3D4-E5F6-7890-ABCD-1234567890AB}.Release|x86.Build.0 = Release|Any CPU
		{6F73DA9B-3C54-2053-E8E5-130C40287400}.Debug|Any CPU.ActiveCfg = Debug|Any CPU
		{6F73DA9B-3C54-2053-E8E5-130C40287400}.Debug|Any CPU.Build.0 = Debug|Any CPU
		{6F73DA9B-3C54-2053-E8E5-130C40287400}.Debug|x64.ActiveCfg = Debug|Any CPU
		{6F73DA9B-3C54-2053-E8E5-130C40287400}.Debug|x64.Build.0 = Debug|Any CPU
		{6F73DA9B-3C54-2053-E8E5-130C40287400}.Debug|x86.ActiveCfg = Debug|Any CPU
		{6F73DA9B-3C54-2053-E8E5-130C40287400}.Debug|x86.Build.0 = Debug|Any CPU
		{6F73DA9B-3C54-2053-E8E5-130C40287400}.Release|Any CPU.ActiveCfg = Release|Any CPU
		{6F73DA9B-3C54-2053-E8E5-130C40287400}.Release|Any CPU.Build.0 = Release|Any CPU
		{6F73DA9B-3C54-2053-E8E5-130C40287400}.Release|x64.ActiveCfg = Release|Any CPU
		{6F73DA9B-3C54-2053-E8E5-130C40287400}.Release|x64.Build.0 = Release|Any CPU
		{6F73DA9B-3C54-2053-E8E5-130C40287400}.Release|x86.ActiveCfg = Release|Any CPU
		{6F73DA9B-3C54-2053-E8E5-130C40287400}.Release|x86.Build.0 = Release|Any CPU
	EndGlobalSection
	GlobalSection(SolutionProperties) = preSolution
		HideSolutionNode = FALSE
	EndGlobalSection
	GlobalSection(NestedProjects) = preSolution
		{911B1A40-C5D9-C2BC-6B84-8008A2DD7276} = {2ED039D7-3432-453B-B464-496FDC0484AA}
		{812309B6-38DF-5D8F-95DD-5345FAC2D7CB} = {61D8DCF7-CFCC-45C5-B38B-451637A6F44D}
		{4413C6BA-F1E7-EB5F-E231-B1CBF4ED716D} = {61D8DCF7-CFCC-45C5-B38B-451637A6F44D}
		{A7B3D1E2-4F5A-6B7C-8D9E-0F1A2B3C4D5E} = {2ED039D7-3432-453B-B464-496FDC0484AA}
		{B8C4E2F3-5A6B-7C8D-9E0F-1A2B3C4D5E6F} = {2ED039D7-3432-453B-B464-496FDC0484AA}
		{DB4A930B-9FD0-D99C-417C-A3F7085BD96E} = {2ED039D7-3432-453B-B464-496FDC0484AA}
		{9654C176-E66C-FD8A-E2FE-68672CF41F05} = {2ED039D7-3432-453B-B464-496FDC0484AA}
		{CE4CA0A0-F76E-6474-F8CA-9E1D9F501714} = {2ED039D7-3432-453B-B464-496FDC0484AA}
		{DB8D562B-DBF5-7268-98E2-C73B0A1D1AC4} = {61D8DCF7-CFCC-45C5-B38B-451637A6F44D}
		{A1B2C3D4-E5F6-7890-ABCD-1234567890AB} = {55CA2A87-5ABC-4B11-B2DA-5D327AB2D1E9}
		{6F73DA9B-3C54-2053-E8E5-130C40287400} = {55CA2A87-5ABC-4B11-B2DA-5D327AB2D1E9}
	EndGlobalSection
	GlobalSection(ExtensibilityGlobals) = postSolution
		SolutionGuid = {2E6F70B2-4E69-4F66-B6A4-8867DCF18D03}
	EndGlobalSection
EndGlobal
