Microsoft Visual Studio Solution File, Format Version 12.00
# Visual Studio Version 18
VisualStudioVersion = 18.2.11415.280
MinimumVisualStudioVersion = 10.0.40219.1
Project("{FAE04EC0-301F-11D3-BF4B-00C04F79EFBC}") = "SimpleLanguageFront", "source\Front\SimpleLanguageFront.csproj", "{911B1A40-C5D9-C2BC-6B84-8008A2DD7276}"
EndProject
Project("{FAE04EC0-301F-11D3-BF4B-00C04F79EFBC}") = "SimpleLanguageCompileCore", "source\CompileCore\SimpleLanguageCompileCore.csproj", "{A7B3D1E2-4F5A-6B7C-8D9E-0F1A2B3C4D5E}"
EndProject
Project("{FAE04EC0-301F-11D3-BF4B-00C04F79EFBC}") = "SimpleLanguageCompileStd", "source\CompileStd\SimpleLanguageCompileStd.csproj", "{B8C4E2F3-5A6B-7C8D-9E0F-1A2B3C4D5E6F}"
EndProject
Project("{FAE04EC0-301F-11D3-BF4B-00C04F79EFBC}") = "SimpleLanguageCompileMath", "source\CompileMath\SimpleLanguageCompileMath.csproj", "{DB4A930B-9FD0-D99C-417C-A3F7085BD96E}"
EndProject
Project("{FAE04EC0-301F-11D3-BF4B-00C04F79EFBC}") = "StdNativeImpl", "source\StdNativeImpl\StdNativeImpl.csproj", "{9654C176-E66C-FD8A-E2FE-68672CF41F05}"
EndProject
Project("{FAE04EC0-301F-11D3-BF4B-00C04F79EFBC}") = "MathNativeImpl", "source\MathNativeImpl\MathNativeImpl.csproj", "{CE4CA0A0-F76E-6474-F8CA-9E1D9F501714}"
EndProject
Project("{2150E333-8FDC-42A3-9474-1A3956D46DE8}") = "cvm", "cvm", "{55CA2A87-5ABC-4B11-B2DA-5D327AB2D1E9}"
EndProject
Project("{2150E333-8FDC-42A3-9474-1A3956D46DE8}") = "csharpvm", "csharpvm", "{61D8DCF7-CFCC-45C5-B38B-451637A6F44D}"
EndProject
Project("{2150E333-8FDC-42A3-9474-1A3956D46DE8}") = "front", "front", "{2ED039D7-3432-453B-B464-496FDC0484AA}"
EndProject
Project("{8BC9CEB8-8B4A-11D0-8D11-00A0C91BC942}") = "csimple_lang_lib", "..\csimple_lang\project\vs\vm_lib\csimple_lang_lib.vcxproj", "{1DE0CC1E-2C43-457C-9B9C-860C54FFA58C}"
EndProject
Project("{2150E333-8FDC-42A3-9474-1A3956D46DE8}") = "lib", "lib", "{6B49ACC7-D1B7-4B39-BE56-18AFEB1B4CF8}"
EndProject
Project("{8BC9CEB8-8B4A-11D0-8D11-00A0C91BC942}") = "CLangdll", "source\CLangdll\CLangdll.vcxproj", "{D5C62645-D6BC-42B4-BC6D-76F41F92F5AC}"
EndProject
Project("{8BC9CEB8-8B4A-11D0-8D11-00A0C91BC942}") = "MathVMLib", "source\MathVMLib\MathVMLib.vcxproj", "{251046F2-C183-4704-9894-A31841E12766}"
EndProject
Project("{2150E333-8FDC-42A3-9474-1A3956D46DE8}") = "test", "test", "{3E7E43D1-D1CB-4712-8576-9B0FD22E4F09}"
EndProject
Project("{FAE04EC0-301F-11D3-BF4B-00C04F79EFBC}") = "CSimpleVMCoreTest", "project\CSimpleVMCoreTest\CSimpleVMCoreTest.csproj", "{AE0B2FED-1879-CE81-7FC3-5920380359DC}"
EndProject
Project("{FAE04EC0-301F-11D3-BF4B-00C04F79EFBC}") = "CSimpleVMStdTest", "project\CSimpleVMStdTest\CSimpleVMStdTest.csproj", "{5A69C730-808D-1A89-0043-C776A42D1304}"
EndProject
Project("{FAE04EC0-301F-11D3-BF4B-00C04F79EFBC}") = "CSimpleVMMathTest", "project\CSimpleVMMathTest\CSimpleVMMathTest.csproj", "{7C370F9A-5949-30B9-FF76-8020E601588A}"
EndProject
Project("{FAE04EC0-301F-11D3-BF4B-00C04F79EFBC}") = "CSimpeVMSpecialTest", "project\CSimpleVMSpecialTest\CSimpeVMSpecialTest.csproj", "{96A67FA3-D581-0304-96FF-F1C072DF525F}"
EndProject
Global
	GlobalSection(SolutionConfigurationPlatforms) = preSolution
		Debug|Any CPU = Debug|Any CPU
		Debug|x64 = Debug|x64
		Debug|x86 = Debug|x86
		Release|Any CPU = Release|Any CPU
		Release|x64 = Release|x64
		Release|x86 = Release|x86
	EndGlobalSection
	GlobalSection(ProjectConfigurationPlatforms) = postSolution
		{911B1A40-C5D9-C2BC-6B84-8008A2DD7276}.Debug|Any CPU.ActiveCfg = Debug|Any CPU
		{911B1A40-C5D9-C2BC-6B84-8008A2DD7276}.Debug|Any CPU.Build.0 = Debug|Any CPU
		{911B1A40-C5D9-C2BC-6B84-8008A2DD7276}.Debug|x64.ActiveCfg = Debug|Any CPU
		{911B1A40-C5D9-C2BC-6B84-8008A2DD7276}.Debug|x64.Build.0 = Debug|Any CPU
		{911B1A40-C5D9-C2BC-6B84-8008A2DD7276}.Debug|x86.ActiveCfg = Debug|Any CPU
		{911B1A40-C5D9-C2BC-6B84-8008A2DD7276}.Debug|x86.Build.0 = Debug|Any CPU
		{911B1A40-C5D9-C2BC-6B84-8008A2DD7276}.Release|Any CPU.ActiveCfg = Release|Any CPU
		{911B1A40-C5D9-C2BC-6B84-8008A2DD7276}.Release|Any CPU.Build.0 = Release|Any CPU
		{911B1A40-C5D9-C2BC-6B84-8008A2DD7276}.Release|x64.ActiveCfg = Release|Any CPU
		{911B1A40-C5D9-C2BC-6B84-8008A2DD7276}.Release|x64.Build.0 = Release|Any CPU
		{911B1A40-C5D9-C2BC-6B84-8008A2DD7276}.Release|x86.ActiveCfg = Release|Any CPU
		{911B1A40-C5D9-C2BC-6B84-8008A2DD7276}.Release|x86.Build.0 = Release|Any CPU
		{A7B3D1E2-4F5A-6B7C-8D9E-0F1A2B3C4D5E}.Debug|Any CPU.ActiveCfg = Debug|Any CPU
		{A7B3D1E2-4F5A-6B7C-8D9E-0F1A2B3C4D5E}.Debug|Any CPU.Build.0 = Debug|Any CPU
		{A7B3D1E2-4F5A-6B7C-8D9E-0F1A2B3C4D5E}.Debug|x64.ActiveCfg = Debug|Any CPU
		{A7B3D1E2-4F5A-6B7C-8D9E-0F1A2B3C4D5E}.Debug|x64.Build.0 = Debug|Any CPU
		{A7B3D1E2-4F5A-6B7C-8D9E-0F1A2B3C4D5E}.Debug|x86.ActiveCfg = Debug|Any CPU
		{A7B3D1E2-4F5A-6B7C-8D9E-0F1A2B3C4D5E}.Debug|x86.Build.0 = Debug|Any CPU
		{A7B3D1E2-4F5A-6B7C-8D9E-0F1A2B3C4D5E}.Release|Any CPU.ActiveCfg = Release|Any CPU
		{A7B3D1E2-4F5A-6B7C-8D9E-0F1A2B3C4D5E}.Release|Any CPU.Build.0 = Release|Any CPU
		{A7B3D1E2-4F5A-6B7C-8D9E-0F1A2B3C4D5E}.Release|x64.ActiveCfg = Release|Any CPU
		{A7B3D1E2-4F5A-6B7C-8D9E-0F1A2B3C4D5E}.Release|x64.Build.0 = Release|Any CPU
		{A7B3D1E2-4F5A-6B7C-8D9E-0F1A2B3C4D5E}.Release|x86.ActiveCfg = Release|Any CPU
		{A7B3D1E2-4F5A-6B7C-8D9E-0F1A2B3C4D5E}.Release|x86.Build.0 = Release|Any CPU
		{B8C4E2F3-5A6B-7C8D-9E0F-1A2B3C4D5E6F}.Debug|Any CPU.ActiveCfg = Debug|Any CPU
		{B8C4E2F3-5A6B-7C8D-9E0F-1A2B3C4D5E6F}.Debug|Any CPU.Build.0 = Debug|Any CPU
		{B8C4E2F3-5A6B-7C8D-9E0F-1A2B3C4D5E6F}.Debug|x64.ActiveCfg = Debug|Any CPU
		{B8C4E2F3-5A6B-7C8D-9E0F-1A2B3C4D5E6F}.Debug|x64.Build.0 = Debug|Any CPU
		{B8C4E2F3-5A6B-7C8D-9E0F-1A2B3C4D5E6F}.Debug|x86.ActiveCfg = Debug|Any CPU
		{B8C4E2F3-5A6B-7C8D-9E0F-1A2B3C4D5E6F}.Debug|x86.Build.0 = Debug|Any CPU
		{B8C4E2F3-5A6B-7C8D-9E0F-1A2B3C4D5E6F}.Release|Any CPU.ActiveCfg = Release|Any CPU
		{B8C4E2F3-5A6B-7C8D-9E0F-1A2B3C4D5E6F}.Release|Any CPU.Build.0 = Release|Any CPU
		{B8C4E2F3-5A6B-7C8D-9E0F-1A2B3C4D5E6F}.Release|x64.ActiveCfg = Release|Any CPU
		{B8C4E2F3-5A6B-7C8D-9E0F-1A2B3C4D5E6F}.Release|x64.Build.0 = Release|Any CPU
		{B8C4E2F3-5A6B-7C8D-9E0F-1A2B3C4D5E6F}.Release|x86.ActiveCfg = Release|Any CPU
		{B8C4E2F3-5A6B-7C8D-9E0F-1A2B3C4D5E6F}.Release|x86.Build.0 = Release|Any CPU
		{DB4A930B-9FD0-D99C-417C-A3F7085BD96E}.Debug|Any CPU.ActiveCfg = Debug|Any CPU
		{DB4A930B-9FD0-D99C-417C-A3F7085BD96E}.Debug|Any CPU.Build.0 = Debug|Any CPU
		{DB4A930B-9FD0-D99C-417C-A3F7085BD96E}.Debug|x64.ActiveCfg = Debug|Any CPU
		{DB4A930B-9FD0-D99C-417C-A3F7085BD96E}.Debug|x64.Build.0 = Debug|Any CPU
		{DB4A930B-9FD0-D99C-417C-A3F7085BD96E}.Debug|x86.ActiveCfg = Debug|Any CPU
		{DB4A930B-9FD0-D99C-417C-A3F7085BD96E}.Debug|x86.Build.0 = Debug|Any CPU
		{DB4A930B-9FD0-D99C-417C-A3F7085BD96E}.Release|Any CPU.ActiveCfg = Release|Any CPU
		{DB4A930B-9FD0-D99C-417C-A3F7085BD96E}.Release|Any CPU.Build.0 = Release|Any CPU
		{DB4A930B-9FD0-D99C-417C-A3F7085BD96E}.Release|x64.ActiveCfg = Release|Any CPU
		{DB4A930B-9FD0-D99C-417C-A3F7085BD96E}.Release|x64.Build.0 = Release|Any CPU
		{DB4A930B-9FD0-D99C-417C-A3F7085BD96E}.Release|x86.ActiveCfg = Release|Any CPU
		{DB4A930B-9FD0-D99C-417C-A3F7085BD96E}.Release|x86.Build.0 = Release|Any CPU
		{9654C176-E66C-FD8A-E2FE-68672CF41F05}.Debug|Any CPU.ActiveCfg = Debug|Any CPU
		{9654C176-E66C-FD8A-E2FE-68672CF41F05}.Debug|x64.ActiveCfg = Debug|Any CPU
		{9654C176-E66C-FD8A-E2FE-68672CF41F05}.Debug|x86.ActiveCfg = Debug|Any CPU
		{9654C176-E66C-FD8A-E2FE-68672CF41F05}.Release|Any CPU.ActiveCfg = Release|Any CPU
		{9654C176-E66C-FD8A-E2FE-68672CF41F05}.Release|x64.ActiveCfg = Release|Any CPU
		{9654C176-E66C-FD8A-E2FE-68672CF41F05}.Release|x86.ActiveCfg = Release|Any CPU
		{CE4CA0A0-F76E-6474-F8CA-9E1D9F501714}.Debug|Any CPU.ActiveCfg = Debug|Any CPU
		{CE4CA0A0-F76E-6474-F8CA-9E1D9F501714}.Debug|x64.ActiveCfg = Debug|Any CPU
		{CE4CA0A0-F76E-6474-F8CA-9E1D9F501714}.Debug|x86.ActiveCfg = Debug|Any CPU
		{CE4CA0A0-F76E-6474-F8CA-9E1D9F501714}.Release|Any CPU.ActiveCfg = Release|Any CPU
		{CE4CA0A0-F76E-6474-F8CA-9E1D9F501714}.Release|x64.ActiveCfg = Release|Any CPU
		{CE4CA0A0-F76E-6474-F8CA-9E1D9F501714}.Release|x86.ActiveCfg = Release|Any CPU
		{1DE0CC1E-2C43-457C-9B9C-860C54FFA58C}.Debug|Any CPU.ActiveCfg = Debug|x64
		{1DE0CC1E-2C43-457C-9B9C-860C54FFA58C}.Debug|Any CPU.Build.0 = Debug|x64
		{1DE0CC1E-2C43-457C-9B9C-860C54FFA58C}.Debug|x64.ActiveCfg = Debug|x64
		{1DE0CC1E-2C43-457C-9B9C-860C54FFA58C}.Debug|x64.Build.0 = Debug|x64
		{1DE0CC1E-2C43-457C-9B9C-860C54FFA58C}.Debug|x86.ActiveCfg = Debug|Win32
		{1DE0CC1E-2C43-457C-9B9C-860C54FFA58C}.Debug|x86.Build.0 = Debug|Win32
		{1DE0CC1E-2C43-457C-9B9C-860C54FFA58C}.Release|Any CPU.ActiveCfg = Release|x64
		{1DE0CC1E-2C43-457C-9B9C-860C54FFA58C}.Release|Any CPU.Build.0 = Release|x64
		{1DE0CC1E-2C43-457C-9B9C-860C54FFA58C}.Release|x64.ActiveCfg = Release|x64
		{1DE0CC1E-2C43-457C-9B9C-860C54FFA58C}.Release|x64.Build.0 = Release|x64
		{1DE0CC1E-2C43-457C-9B9C-860C54FFA58C}.Release|x86.ActiveCfg = Release|Win32
		{1DE0CC1E-2C43-457C-9B9C-860C54FFA58C}.Release|x86.Build.0 = Release|Win32
		{D5C62645-D6BC-42B4-BC6D-76F41F92F5AC}.Debug|Any CPU.ActiveCfg = Debug|x64
		{D5C62645-D6BC-42B4-BC6D-76F41F92F5AC}.Debug|Any CPU.Build.0 = Debug|x64
		{D5C62645-D6BC-42B4-BC6D-76F41F92F5AC}.Debug|x64.ActiveCfg = Debug|x64
		{D5C62645-D6BC-42B4-BC6D-76F41F92F5AC}.Debug|x64.Build.0 = Debug|x64
		{D5C62645-D6BC-42B4-BC6D-76F41F92F5AC}.Debug|x86.ActiveCfg = Debug|Win32
		{D5C62645-D6BC-42B4-BC6D-76F41F92F5AC}.Debug|x86.Build.0 = Debug|Win32
		{D5C62645-D6BC-42B4-BC6D-76F41F92F5AC}.Release|Any CPU.ActiveCfg = Release|x64
		{D5C62645-D6BC-42B4-BC6D-76F41F92F5AC}.Release|Any CPU.Build.0 = Release|x64
		{D5C62645-D6BC-42B4-BC6D-76F41F92F5AC}.Release|x64.ActiveCfg = Release|x64
		{D5C62645-D6BC-42B4-BC6D-76F41F92F5AC}.Release|x64.Build.0 = Release|x64
		{D5C62645-D6BC-42B4-BC6D-76F41F92F5AC}.Release|x86.ActiveCfg = Release|Win32
		{D5C62645-D6BC-42B4-BC6D-76F41F92F5AC}.Release|x86.Build.0 = Release|Win32
		{251046F2-C183-4704-9894-A31841E12766}.Debug|Any CPU.ActiveCfg = Debug|x64
		{251046F2-C183-4704-9894-A31841E12766}.Debug|Any CPU.Build.0 = Debug|x64
		{251046F2-C183-4704-9894-A31841E12766}.Debug|x64.ActiveCfg = Debug|x64
		{251046F2-C183-4704-9894-A31841E12766}.Debug|x64.Build.0 = Debug|x64
		{251046F2-C183-4704-9894-A31841E12766}.Debug|x86.ActiveCfg = Debug|Win32
		{251046F2-C183-4704-9894-A31841E12766}.Debug|x86.Build.0 = Debug|Win32
		{251046F2-C183-4704-9894-A31841E12766}.Release|Any CPU.ActiveCfg = Release|x64
		{251046F2-C183-4704-9894-A31841E12766}.Release|Any CPU.Build.0 = Release|x64
		{251046F2-C183-4704-9894-A31841E12766}.Release|x64.ActiveCfg = Release|x64
		{251046F2-C183-4704-9894-A31841E12766}.Release|x64.Build.0 = Release|x64
		{251046F2-C183-4704-9894-A31841E12766}.Release|x86.ActiveCfg = Release|Win32
		{251046F2-C183-4704-9894-A31841E12766}.Release|x86.Build.0 = Release|Win32
		{AE0B2FED-1879-CE81-7FC3-5920380359DC}.Debug|Any CPU.ActiveCfg = Debug|Any CPU
		{AE0B2FED-1879-CE81-7FC3-5920380359DC}.Debug|Any CPU.Build.0 = Debug|Any CPU
		{AE0B2FED-1879-CE81-7FC3-5920380359DC}.Debug|x64.ActiveCfg = Debug|Any CPU
		{AE0B2FED-1879-CE81-7FC3-5920380359DC}.Debug|x64.Build.0 = Debug|Any CPU
		{AE0B2FED-1879-CE81-7FC3-5920380359DC}.Debug|x86.ActiveCfg = Debug|Any CPU
		{AE0B2FED-1879-CE81-7FC3-5920380359DC}.Debug|x86.Build.0 = Debug|Any CPU
		{AE0B2FED-1879-CE81-7FC3-5920380359DC}.Release|Any CPU.ActiveCfg = Release|Any CPU
		{AE0B2FED-1879-CE81-7FC3-5920380359DC}.Release|Any CPU.Build.0 = Release|Any CPU
		{AE0B2FED-1879-CE81-7FC3-5920380359DC}.Release|x64.ActiveCfg = Release|Any CPU
		{AE0B2FED-1879-CE81-7FC3-5920380359DC}.Release|x64.Build.0 = Release|Any CPU
		{AE0B2FED-1879-CE81-7FC3-5920380359DC}.Release|x86.ActiveCfg = Release|Any CPU
		{AE0B2FED-1879-CE81-7FC3-5920380359DC}.Release|x86.Build.0 = Release|Any CPU
		{5A69C730-808D-1A89-0043-C776A42D1304}.Debug|Any CPU.ActiveCfg = Debug|Any CPU
		{5A69C730-808D-1A89-0043-C776A42D1304}.Debug|Any CPU.Build.0 = Debug|Any CPU
		{5A69C730-808D-1A89-0043-C776A42D1304}.Debug|x64.ActiveCfg = Debug|Any CPU
		{5A69C730-808D-1A89-0043-C776A42D1304}.Debug|x64.Build.0 = Debug|Any CPU
		{5A69C730-808D-1A89-0043-C776A42D1304}.Debug|x86.ActiveCfg = Debug|Any CPU
		{5A69C730-808D-1A89-0043-C776A42D1304}.Debug|x86.Build.0 = Debug|Any CPU
		{5A69C730-808D-1A89-0043-C776A42D1304}.Release|Any CPU.ActiveCfg = Release|Any CPU
		{5A69C730-808D-1A89-0043-C776A42D1304}.Release|Any CPU.Build.0 = Release|Any CPU
		{5A69C730-808D-1A89-0043-C776A42D1304}.Release|x64.ActiveCfg = Release|Any CPU
		{5A69C730-808D-1A89-0043-C776A42D1304}.Release|x64.Build.0 = Release|Any CPU
		{5A69C730-808D-1A89-0043-C776A42D1304}.Release|x86.ActiveCfg = Release|Any CPU
		{5A69C730-808D-1A89-0043-C776A42D1304}.Release|x86.Build.0 = Release|Any CPU
		{7C370F9A-5949-30B9-FF76-8020E601588A}.Debug|Any CPU.ActiveCfg = Debug|Any CPU
		{7C370F9A-5949-30B9-FF76-8020E601588A}.Debug|Any CPU.Build.0 = Debug|Any CPU
		{7C370F9A-5949-30B9-FF76-8020E601588A}.Debug|x64.ActiveCfg = Debug|Any CPU
		{7C370F9A-5949-30B9-FF76-8020E601588A}.Debug|x64.Build.0 = Debug|Any CPU
		{7C370F9A-5949-30B9-FF76-8020E601588A}.Debug|x86.ActiveCfg = Debug|Any CPU
		{7C370F9A-5949-30B9-FF76-8020E601588A}.Debug|x86.Build.0 = Debug|Any CPU
		{7C370F9A-5949-30B9-FF76-8020E601588A}.Release|Any CPU.ActiveCfg = Release|Any CPU
		{7C370F9A-5949-30B9-FF76-8020E601588A}.Release|Any CPU.Build.0 = Release|Any CPU
		{7C370F9A-5949-30B9-FF76-8020E601588A}.Release|x64.ActiveCfg = Release|Any CPU
		{7C370F9A-5949-30B9-FF76-8020E601588A}.Release|x64.Build.0 = Release|Any CPU
		{7C370F9A-5949-30B9-FF76-8020E601588A}.Release|x86.ActiveCfg = Release|Any CPU
		{7C370F9A-5949-30B9-FF76-8020E601588A}.Release|x86.Build.0 = Release|Any CPU
		{96A67FA3-D581-0304-96FF-F1C072DF525F}.Debug|Any CPU.ActiveCfg = Debug|Any CPU
		{96A67FA3-D581-0304-96FF-F1C072DF525F}.Debug|Any CPU.Build.0 = Debug|Any CPU
		{96A67FA3-D581-0304-96FF-F1C072DF525F}.Debug|x64.ActiveCfg = Debug|Any CPU
		{96A67FA3-D581-0304-96FF-F1C072DF525F}.Debug|x64.Build.0 = Debug|Any CPU
		{96A67FA3-D581-0304-96FF-F1C072DF525F}.Debug|x86.ActiveCfg = Debug|Any CPU
		{96A67FA3-D581-0304-96FF-F1C072DF525F}.Debug|x86.Build.0 = Debug|Any CPU
		{96A67FA3-D581-0304-96FF-F1C072DF525F}.Release|Any CPU.ActiveCfg = Release|Any CPU
		{96A67FA3-D581-0304-96FF-F1C072DF525F}.Release|Any CPU.Build.0 = Release|Any CPU
		{96A67FA3-D581-0304-96FF-F1C072DF525F}.Release|x64.ActiveCfg = Release|Any CPU
		{96A67FA3-D581-0304-96FF-F1C072DF525F}.Release|x64.Build.0 = Release|Any CPU
		{96A67FA3-D581-0304-96FF-F1C072DF525F}.Release|x86.ActiveCfg = Release|Any CPU
		{96A67FA3-D581-0304-96FF-F1C072DF525F}.Release|x86.Build.0 = Release|Any CPU
	EndGlobalSection
	GlobalSection(SolutionProperties) = preSolution
		HideSolutionNode = FALSE
	EndGlobalSection
	GlobalSection(NestedProjects) = preSolution
		{911B1A40-C5D9-C2BC-6B84-8008A2DD7276} = {2ED039D7-3432-453B-B464-496FDC0484AA}
		{A7B3D1E2-4F5A-6B7C-8D9E-0F1A2B3C4D5E} = {2ED039D7-3432-453B-B464-496FDC0484AA}
		{B8C4E2F3-5A6B-7C8D-9E0F-1A2B3C4D5E6F} = {2ED039D7-3432-453B-B464-496FDC0484AA}
		{DB4A930B-9FD0-D99C-417C-A3F7085BD96E} = {2ED039D7-3432-453B-B464-496FDC0484AA}
		{9654C176-E66C-FD8A-E2FE-68672CF41F05} = {2ED039D7-3432-453B-B464-496FDC0484AA}
		{CE4CA0A0-F76E-6474-F8CA-9E1D9F501714} = {2ED039D7-3432-453B-B464-496FDC0484AA}
		{1DE0CC1E-2C43-457C-9B9C-860C54FFA58C} = {55CA2A87-5ABC-4B11-B2DA-5D327AB2D1E9}
		{D5C62645-D6BC-42B4-BC6D-76F41F92F5AC} = {6B49ACC7-D1B7-4B39-BE56-18AFEB1B4CF8}
		{251046F2-C183-4704-9894-A31841E12766} = {6B49ACC7-D1B7-4B39-BE56-18AFEB1B4CF8}
		{AE0B2FED-1879-CE81-7FC3-5920380359DC} = {3E7E43D1-D1CB-4712-8576-9B0FD22E4F09}
		{5A69C730-808D-1A89-0043-C776A42D1304} = {3E7E43D1-D1CB-4712-8576-9B0FD22E4F09}
		{7C370F9A-5949-30B9-FF76-8020E601588A} = {3E7E43D1-D1CB-4712-8576-9B0FD22E4F09}
		{96A67FA3-D581-0304-96FF-F1C072DF525F} = {3E7E43D1-D1CB-4712-8576-9B0FD22E4F09}
	EndGlobalSection
	GlobalSection(ExtensibilityGlobals) = postSolution
		SolutionGuid = {2E6F70B2-4E69-4F66-B6A4-8867DCF18D03}
	EndGlobalSection
EndGlobal
